// !$*UTF8*$!
{
	archiveVersion = 1;
	classes = {
	};
	objectVersion = 77;
	objects = {

/* Begin PBXBuildFile section */
		D23D64012ECC698E000143AD /* WidgetKit.framework in Frameworks */ = {isa = PBXBuildFile; fileRef = D23D64002ECC698E000143AD /* WidgetKit.framework */; };
		D23D64032ECC698E000143AD /* SwiftUI.framework in Frameworks */ = {isa = PBXBuildFile; fileRef = D23D64022ECC698E000143AD /* SwiftUI.framework */; };
		D23D64142ECC698F000143AD /* YuanyuanWidgetExtension.appex in Embed Foundation Extensions */ = {isa = PBXBuildFile; fileRef = D23D63FE2ECC698E000143AD /* YuanyuanWidgetExtension.appex */; settings = {ATTRIBUTES = (RemoveHeadersOnCopy, ); }; };
		D27174F92ED03C0B0050435E /* libresolv.tbd in Frameworks */ = {isa = PBXBuildFile; fileRef = D27174F82ED03BFC0050435E /* libresolv.tbd */; };
		D2C37E7E2ED03918008A1041 /* SystemConfiguration.framework in Frameworks */ = {isa = PBXBuildFile; fileRef = D2C37E7D2ED03918008A1041 /* SystemConfiguration.framework */; };
		D2C37E802ED03924008A1041 /* CoreTelephony.framework in Frameworks */ = {isa = PBXBuildFile; fileRef = D2C37E7F2ED03924008A1041 /* CoreTelephony.framework */; };
/* End PBXBuildFile section */

/* Begin PBXContainerItemProxy section */
		D23D64122ECC698F000143AD /* PBXContainerItemProxy */ = {
			isa = PBXContainerItemProxy;
			containerPortal = D25A84F92EA9D8AE004B6C58 /* Project object */;
			proxyType = 1;
			remoteGlobalIDString = D23D63FD2ECC698E000143AD;
			remoteInfo = YuanyuanWidgetExtension;
		};
/* End PBXContainerItemProxy section */

/* Begin PBXCopyFilesBuildPhase section */
		D23D64152ECC698F000143AD /* Embed Foundation Extensions */ = {
			isa = PBXCopyFilesBuildPhase;
			buildActionMask = 2147483647;
			dstPath = "";
			dstSubfolderSpec = 13;
			files = (
				D23D64142ECC698F000143AD /* YuanyuanWidgetExtension.appex in Embed Foundation Extensions */,
			);
			name = "Embed Foundation Extensions";
			runOnlyForDeploymentPostprocessing = 0;
		};
		D2C37E792ED037E7008A1041 /* Embed Frameworks */ = {
			isa = PBXCopyFilesBuildPhase;
			buildActionMask = 2147483647;
			dstPath = "";
			dstSubfolderSpec = 10;
			files = (
			);
			name = "Embed Frameworks";
			runOnlyForDeploymentPostprocessing = 0;
		};
/* End PBXCopyFilesBuildPhase section */

/* Begin PBXFileReference section */
		D23D63FE2ECC698E000143AD /* YuanyuanWidgetExtension.appex */ = {isa = PBXFileReference; explicitFileType = "wrapper.app-extension"; includeInIndex = 0; path = YuanyuanWidgetExtension.appex; sourceTree = BUILT_PRODUCTS_DIR; };
		D23D64002ECC698E000143AD /* WidgetKit.framework */ = {isa = PBXFileReference; lastKnownFileType = wrapper.framework; name = WidgetKit.framework; path = System/Library/Frameworks/WidgetKit.framework; sourceTree = SDKROOT; };
		D23D64022ECC698E000143AD /* SwiftUI.framework */ = {isa = PBXFileReference; lastKnownFileType = wrapper.framework; name = SwiftUI.framework; path = System/Library/Frameworks/SwiftUI.framework; sourceTree = SDKROOT; };
		D25A85012EA9D8AE004B6C58 /* Yuanyuan.app */ = {isa = PBXFileReference; explicitFileType = wrapper.application; includeInIndex = 0; path = Yuanyuan.app; sourceTree = BUILT_PRODUCTS_DIR; };
		D27174F82ED03BFC0050435E /* libresolv.tbd */ = {isa = PBXFileReference; lastKnownFileType = "sourcecode.text-based-dylib-definition"; name = libresolv.tbd; path = usr/lib/libresolv.tbd; sourceTree = SDKROOT; };
		D2A60E592ECC763B004F8714 /* YuanyuanWidgetExtension.entitlements */ = {isa = PBXFileReference; lastKnownFileType = text.plist.entitlements; path = YuanyuanWidgetExtension.entitlements; sourceTree = "<group>"; };
		D2C37E7B2ED038F3008A1041 /* libreadline.tbd */ = {isa = PBXFileReference; lastKnownFileType = "sourcecode.text-based-dylib-definition"; name = libreadline.tbd; path = usr/lib/libreadline.tbd; sourceTree = SDKROOT; };
		D2C37E7D2ED03918008A1041 /* SystemConfiguration.framework */ = {isa = PBXFileReference; lastKnownFileType = wrapper.framework; name = SystemConfiguration.framework; path = System/Library/Frameworks/SystemConfiguration.framework; sourceTree = SDKROOT; };
		D2C37E7F2ED03924008A1041 /* CoreTelephony.framework */ = {isa = PBXFileReference; lastKnownFileType = wrapper.framework; name = CoreTelephony.framework; path = System/Library/Frameworks/CoreTelephony.framework; sourceTree = SDKROOT; };
/* End PBXFileReference section */

/* Begin PBXFileSystemSynchronizedBuildFileExceptionSet section */
		D23D64192ECC698F000143AD /* Exceptions for "YuanyuanWidget" folder in "YuanyuanWidgetExtension" target */ = {
			isa = PBXFileSystemSynchronizedBuildFileExceptionSet;
			membershipExceptions = (
				Info.plist,
			);
			target = D23D63FD2ECC698E000143AD /* YuanyuanWidgetExtension */;
		};
		D25A850E2EA9D8AF004B6C58 /* Exceptions for "Yuanyuan" folder in "Yuanyuan" target */ = {
			isa = PBXFileSystemSynchronizedBuildFileExceptionSet;
			membershipExceptions = (
				Info.plist,
			);
			target = D25A85002EA9D8AE004B6C58 /* Yuanyuan */;
		};
		D2A60E5B2ECC79D3004F8714 /* Exceptions for "Yuanyuan" folder in "YuanyuanWidgetExtension" target */ = {
			isa = PBXFileSystemSynchronizedBuildFileExceptionSet;
			membershipExceptions = (
				Intents/StartMeetingRecordingIntent.swift,
				Models/Meeting.swift,
				Models/MeetingRecordingAttributes.swift,
				Utils/LiveRecordingManager.swift,
			);
			target = D23D63FD2ECC698E000143AD /* YuanyuanWidgetExtension */;
		};
/* End PBXFileSystemSynchronizedBuildFileExceptionSet section */

/* Begin PBXFileSystemSynchronizedGroupBuildPhaseMembershipExceptionSet section */
		D2C37E7A2ED037E7008A1041 /* Exceptions for "Yuanyuan" folder in "Embed Frameworks" phase from "Yuanyuan" target */ = {
			isa = PBXFileSystemSynchronizedGroupBuildPhaseMembershipExceptionSet;
			attributesByRelativePath = {
				AliyunOSSiOS.xcframework = (CodeSignOnCopy, RemoveHeadersOnCopy, );
			};
			buildPhase = D2C37E792ED037E7008A1041 /* Embed Frameworks */;
			membershipExceptions = (
				AliyunOSSiOS.xcframework,
			);
		};
/* End PBXFileSystemSynchronizedGroupBuildPhaseMembershipExceptionSet section */

/* Begin PBXFileSystemSynchronizedRootGroup section */
		D23D64042ECC698E000143AD /* YuanyuanWidget */ = {
			isa = PBXFileSystemSynchronizedRootGroup;
			exceptions = (
				D23D64192ECC698F000143AD /* Exceptions for "YuanyuanWidget" folder in "YuanyuanWidgetExtension" target */,
			);
			path = YuanyuanWidget;
			sourceTree = "<group>";
		};
		D25A85032EA9D8AE004B6C58 /* Yuanyuan */ = {
			isa = PBXFileSystemSynchronizedRootGroup;
			exceptions = (
				D25A850E2EA9D8AF004B6C58 /* Exceptions for "Yuanyuan" folder in "Yuanyuan" target */,
				D2C37E7A2ED037E7008A1041 /* Exceptions for "Yuanyuan" folder in "Embed Frameworks" phase from "Yuanyuan" target */,
				D2A60E5B2ECC79D3004F8714 /* Exceptions for "Yuanyuan" folder in "YuanyuanWidgetExtension" target */,
			);
			path = Yuanyuan;
			sourceTree = "<group>";
		};
/* End PBXFileSystemSynchronizedRootGroup section */

/* Begin PBXFrameworksBuildPhase section */
		D23D63FB2ECC698E000143AD /* Frameworks */ = {
			isa = PBXFrameworksBuildPhase;
			buildActionMask = 2147483647;
			files = (
				D23D64032ECC698E000143AD /* SwiftUI.framework in Frameworks */,
				D23D64012ECC698E000143AD /* WidgetKit.framework in Frameworks */,
			);
			runOnlyForDeploymentPostprocessing = 0;
		};
		D25A84FE2EA9D8AE004B6C58 /* Frameworks */ = {
			isa = PBXFrameworksBuildPhase;
			buildActionMask = 2147483647;
			files = (
				D2C37E802ED03924008A1041 /* CoreTelephony.framework in Frameworks */,
				D2C37E7E2ED03918008A1041 /* SystemConfiguration.framework in Frameworks */,
				D27174F92ED03C0B0050435E /* libresolv.tbd in Frameworks */,
			);
			runOnlyForDeploymentPostprocessing = 0;
		};
/* End PBXFrameworksBuildPhase section */

/* Begin PBXGroup section */
		D23D63FF2ECC698E000143AD /* Frameworks */ = {
			isa = PBXGroup;
			children = (
				D27174F82ED03BFC0050435E /* libresolv.tbd */,
				D2C37E7F2ED03924008A1041 /* CoreTelephony.framework */,
				D2C37E7D2ED03918008A1041 /* SystemConfiguration.framework */,
				D2C37E7B2ED038F3008A1041 /* libreadline.tbd */,
				D23D64002ECC698E000143AD /* WidgetKit.framework */,
				D23D64022ECC698E000143AD /* SwiftUI.framework */,
			);
			name = Frameworks;
			sourceTree = "<group>";
		};
		D25A84F82EA9D8AE004B6C58 = {
			isa = PBXGroup;
			children = (
				D2A60E592ECC763B004F8714 /* YuanyuanWidgetExtension.entitlements */,
				D25A85032EA9D8AE004B6C58 /* Yuanyuan */,
				D23D64042ECC698E000143AD /* YuanyuanWidget */,
				D23D63FF2ECC698E000143AD /* Frameworks */,
				D25A85022EA9D8AE004B6C58 /* Products */,
			);
			sourceTree = "<group>";
		};
		D25A85022EA9D8AE004B6C58 /* Products */ = {
			isa = PBXGroup;
			children = (
				D25A85012EA9D8AE004B6C58 /* Yuanyuan.app */,
				D23D63FE2ECC698E000143AD /* YuanyuanWidgetExtension.appex */,
			);
			name = Products;
			sourceTree = "<group>";
		};
/* End PBXGroup section */

/* Begin PBXNativeTarget section */
		D23D63FD2ECC698E000143AD /* YuanyuanWidgetExtension */ = {
			isa = PBXNativeTarget;
			buildConfigurationList = D23D64182ECC698F000143AD /* Build configuration list for PBXNativeTarget "YuanyuanWidgetExtension" */;
			buildPhases = (
				D23D63FA2ECC698E000143AD /* Sources */,
				D23D63FB2ECC698E000143AD /* Frameworks */,
				D23D63FC2ECC698E000143AD /* Resources */,
			);
			buildRules = (
			);
			dependencies = (
			);
			fileSystemSynchronizedGroups = (
				D23D64042ECC698E000143AD /* YuanyuanWidget */,
			);
			name = YuanyuanWidgetExtension;
			packageProductDependencies = (
			);
			productName = YuanyuanWidgetExtension;
			productReference = D23D63FE2ECC698E000143AD /* YuanyuanWidgetExtension.appex */;
			productType = "com.apple.product-type.app-extension";
		};
		D25A85002EA9D8AE004B6C58 /* Yuanyuan */ = {
			isa = PBXNativeTarget;
			buildConfigurationList = D25A850F2EA9D8AF004B6C58 /* Build configuration list for PBXNativeTarget "Yuanyuan" */;
			buildPhases = (
				D25A84FD2EA9D8AE004B6C58 /* Sources */,
				D25A84FE2EA9D8AE004B6C58 /* Frameworks */,
				D25A84FF2EA9D8AE004B6C58 /* Resources */,
				D23D64152ECC698F000143AD /* Embed Foundation Extensions */,
				D2C37E792ED037E7008A1041 /* Embed Frameworks */,
			);
			buildRules = (
			);
			dependencies = (
				D23D64132ECC698F000143AD /* PBXTargetDependency */,
			);
			fileSystemSynchronizedGroups = (
				D25A85032EA9D8AE004B6C58 /* Yuanyuan */,
			);
			name = Yuanyuan;
			packageProductDependencies = (
			);
			productName = Yuanyuan;
			productReference = D25A85012EA9D8AE004B6C58 /* Yuanyuan.app */;
			productType = "com.apple.product-type.application";
		};
/* End PBXNativeTarget section */

/* Begin PBXProject section */
		D25A84F92EA9D8AE004B6C58 /* Project object */ = {
			isa = PBXProject;
			attributes = {
				BuildIndependentTargetsInParallel = 1;
				LastSwiftUpdateCheck = 1630;
				LastUpgradeCheck = 1630;
				TargetAttributes = {
					D23D63FD2ECC698E000143AD = {
						CreatedOnToolsVersion = 16.3;
					};
					D25A85002EA9D8AE004B6C58 = {
						CreatedOnToolsVersion = 16.3;
					};
				};
			};
			buildConfigurationList = D25A84FC2EA9D8AE004B6C58 /* Build configuration list for PBXProject "Yuanyuan" */;
			developmentRegion = en;
			hasScannedForEncodings = 0;
			knownRegions = (
				en,
				Base,
			);
			mainGroup = D25A84F82EA9D8AE004B6C58;
			minimizedProjectReferenceProxies = 1;
			preferredProjectObjectVersion = 77;
			productRefGroup = D25A85022EA9D8AE004B6C58 /* Products */;
			projectDirPath = "";
			projectRoot = "";
			targets = (
				D25A85002EA9D8AE004B6C58 /* Yuanyuan */,
				D23D63FD2ECC698E000143AD /* YuanyuanWidgetExtension */,
			);
		};
/* End PBXProject section */

/* Begin PBXResourcesBuildPhase section */
		D23D63FC2ECC698E000143AD /* Resources */ = {
			isa = PBXResourcesBuildPhase;
			buildActionMask = 2147483647;
			files = (
			);
			runOnlyForDeploymentPostprocessing = 0;
		};
		D25A84FF2EA9D8AE004B6C58 /* Resources */ = {
			isa = PBXResourcesBuildPhase;
			buildActionMask = 2147483647;
			files = (
			);
			runOnlyForDeploymentPostprocessing = 0;
		};
/* End PBXResourcesBuildPhase section */

/* Begin PBXSourcesBuildPhase section */
		D23D63FA2ECC698E000143AD /* Sources */ = {
			isa = PBXSourcesBuildPhase;
			buildActionMask = 2147483647;
			files = (
			);
			runOnlyForDeploymentPostprocessing = 0;
		};
		D25A84FD2EA9D8AE004B6C58 /* Sources */ = {
			isa = PBXSourcesBuildPhase;
			buildActionMask = 2147483647;
			files = (
			);
			runOnlyForDeploymentPostprocessing = 0;
		};
/* End PBXSourcesBuildPhase section */

/* Begin PBXTargetDependency section */
		D23D64132ECC698F000143AD /* PBXTargetDependency */ = {
			isa = PBXTargetDependency;
			target = D23D63FD2ECC698E000143AD /* YuanyuanWidgetExtension */;
			targetProxy = D23D64122ECC698F000143AD /* PBXContainerItemProxy */;
		};
/* End PBXTargetDependency section */

/* Begin XCBuildConfiguration section */
		D23D64162ECC698F000143AD /* Debug */ = {
			isa = XCBuildConfiguration;
			buildSettings = {
				ASSETCATALOG_COMPILER_GLOBAL_ACCENT_COLOR_NAME = AccentColor;
				ASSETCATALOG_COMPILER_WIDGET_BACKGROUND_COLOR_NAME = WidgetBackground;
				CODE_SIGN_ENTITLEMENTS = YuanyuanWidgetExtension.entitlements;
				CODE_SIGN_STYLE = Automatic;
				CURRENT_PROJECT_VERSION = 1;
				DEVELOPMENT_TEAM = PL5HSP454X;
				GENERATE_INFOPLIST_FILE = YES;
				INFOPLIST_FILE = YuanyuanWidget/Info.plist;
				INFOPLIST_KEY_CFBundleDisplayName = YuanyuanWidget;
				INFOPLIST_KEY_NSHumanReadableCopyright = "";
				IPHONEOS_DEPLOYMENT_TARGET = 26.0;
				LD_RUNPATH_SEARCH_PATHS = (
					"$(inherited)",
					"@executable_path/Frameworks",
					"@executable_path/../../Frameworks",
				);
				MARKETING_VERSION = 1.0;
				PRODUCT_BUNDLE_IDENTIFIER = dantetu.Yuanyuan.YuanyuanWidget;
				PRODUCT_NAME = "$(TARGET_NAME)";
				SKIP_INSTALL = YES;
				SWIFT_EMIT_LOC_STRINGS = YES;
				SWIFT_VERSION = 5.0;
				TARGETED_DEVICE_FAMILY = "1,2";
			};
			name = Debug;
		};
		D23D64172ECC698F000143AD /* Release */ = {
			isa = XCBuildConfiguration;
			buildSettings = {
				ASSETCATALOG_COMPILER_GLOBAL_ACCENT_COLOR_NAME = AccentColor;
				ASSETCATALOG_COMPILER_WIDGET_BACKGROUND_COLOR_NAME = WidgetBackground;
				CODE_SIGN_ENTITLEMENTS = YuanyuanWidgetExtension.entitlements;
				CODE_SIGN_STYLE = Automatic;
				CURRENT_PROJECT_VERSION = 1;
				DEVELOPMENT_TEAM = PL5HSP454X;
				GENERATE_INFOPLIST_FILE = YES;
				INFOPLIST_FILE = YuanyuanWidget/Info.plist;
				INFOPLIST_KEY_CFBundleDisplayName = YuanyuanWidget;
				INFOPLIST_KEY_NSHumanReadableCopyright = "";
				IPHONEOS_DEPLOYMENT_TARGET = 26.0;
				LD_RUNPATH_SEARCH_PATHS = (
					"$(inherited)",
					"@executable_path/Frameworks",
					"@executable_path/../../Frameworks",
				);
				MARKETING_VERSION = 1.0;
				PRODUCT_BUNDLE_IDENTIFIER = dantetu.Yuanyuan.YuanyuanWidget;
				PRODUCT_NAME = "$(TARGET_NAME)";
				SKIP_INSTALL = YES;
				SWIFT_EMIT_LOC_STRINGS = YES;
				SWIFT_VERSION = 5.0;
				TARGETED_DEVICE_FAMILY = "1,2";
			};
			name = Release;
		};
		D25A85102EA9D8AF004B6C58 /* Debug */ = {
			isa = XCBuildConfiguration;
			buildSettings = {
				ASSETCATALOG_COMPILER_APPICON_NAME = AppIcon;
				ASSETCATALOG_COMPILER_GLOBAL_ACCENT_COLOR_NAME = AccentColor;
				CODE_SIGN_ENTITLEMENTS = Yuanyuan/Yuanyuan.entitlements;
				CODE_SIGN_STYLE = Automatic;
				CURRENT_PROJECT_VERSION = 1;
				DEVELOPMENT_TEAM = PL5HSP454X;
				ENABLE_PREVIEWS = YES;
				GENERATE_INFOPLIST_FILE = YES;
				INFOPLIST_FILE = Yuanyuan/Info.plist;
				INFOPLIST_KEY_UIApplicationSceneManifest_Generation = YES;
				INFOPLIST_KEY_UIApplicationSupportsIndirectInputEvents = YES;
				INFOPLIST_KEY_UILaunchScreen_Generation = YES;
				INFOPLIST_KEY_UISupportedInterfaceOrientations_iPad = "UIInterfaceOrientationPortrait UIInterfaceOrientationPortraitUpsideDown UIInterfaceOrientationLandscapeLeft UIInterfaceOrientationLandscapeRight";
				INFOPLIST_KEY_UISupportedInterfaceOrientations_iPhone = "UIInterfaceOrientationPortrait UIInterfaceOrientationLandscapeLeft UIInterfaceOrientationLandscapeRight";
				IPHONEOS_DEPLOYMENT_TARGET = 26.0;
				LD_RUNPATH_SEARCH_PATHS = (
					"$(inherited)",
					"@executable_path/Frameworks",
				);
				MARKETING_VERSION = 1.0;
				NEW_SETTING = "";
				OTHER_LDFLAGS = "-ObjC";
				PRODUCT_BUNDLE_IDENTIFIER = dantetu.Yuanyuan;
				PRODUCT_NAME = "$(TARGET_NAME)";
				SWIFT_EMIT_LOC_STRINGS = YES;
				SWIFT_VERSION = 5.0;
				TARGETED_DEVICE_FAMILY = "1,2";
			};
			name = Debug;
		};
		D25A85112EA9D8AF004B6C58 /* Release */ = {
			isa = XCBuildConfiguration;
			buildSettings = {
				ASSETCATALOG_COMPILER_APPICON_NAME = AppIcon;
				ASSETCATALOG_COMPILER_GLOBAL_ACCENT_COLOR_NAME = AccentColor;
				CODE_SIGN_ENTITLEMENTS = Yuanyuan/Yuanyuan.entitlements;
				CODE_SIGN_STYLE = Automatic;
				CURRENT_PROJECT_VERSION = 1;
				DEVELOPMENT_TEAM = PL5HSP454X;
				ENABLE_PREVIEWS = YES;
				GENERATE_INFOPLIST_FILE = YES;
				INFOPLIST_FILE = Yuanyuan/Info.plist;
				INFOPLIST_KEY_UIApplicationSceneManifest_Generation = YES;
				INFOPLIST_KEY_UIApplicationSupportsIndirectInputEvents = YES;
				INFOPLIST_KEY_UILaunchScreen_Generation = YES;
				INFOPLIST_KEY_UISupportedInterfaceOrientations_iPad = "UIInterfaceOrientationPortrait UIInterfaceOrientationPortraitUpsideDown UIInterfaceOrientationLandscapeLeft UIInterfaceOrientationLandscapeRight";
				INFOPLIST_KEY_UISupportedInterfaceOrientations_iPhone = "UIInterfaceOrientationPortrait UIInterfaceOrientationLandscapeLeft UIInterfaceOrientationLandscapeRight";
				IPHONEOS_DEPLOYMENT_TARGET = 26.0;
				LD_RUNPATH_SEARCH_PATHS = (
					"$(inherited)",
					"@executable_path/Frameworks",
				);
				MARKETING_VERSION = 1.0;
				NEW_SETTING = "";
				OTHER_LDFLAGS = "-ObjC";
				PRODUCT_BUNDLE_IDENTIFIER = dantetu.Yuanyuan;
				PRODUCT_NAME = "$(TARGET_NAME)";
				SWIFT_EMIT_LOC_STRINGS = YES;
				SWIFT_VERSION = 5.0;
				TARGETED_DEVICE_FAMILY = "1,2";
			};
			name = Release;
		};
		D25A85122EA9D8AF004B6C58 /* Debug */ = {
			isa = XCBuildConfiguration;
			buildSettings = {
				ALWAYS_SEARCH_USER_PATHS = NO;
				ASSETCATALOG_COMPILER_GENERATE_SWIFT_ASSET_SYMBOL_EXTENSIONS = YES;
				CLANG_ANALYZER_NONNULL = YES;
				CLANG_ANALYZER_NUMBER_OBJECT_CONVERSION = YES_AGGRESSIVE;
				CLANG_CXX_LANGUAGE_STANDARD = "gnu++20";
				CLANG_ENABLE_MODULES = YES;
				CLANG_ENABLE_OBJC_ARC = YES;
				CLANG_ENABLE_OBJC_WEAK = YES;
				CLANG_WARN_BLOCK_CAPTURE_AUTORELEASING = YES;
				CLANG_WARN_BOOL_CONVERSION = YES;
				CLANG_WARN_COMMA = YES;
				CLANG_WARN_CONSTANT_CONVERSION = YES;
				CLANG_WARN_DEPRECATED_OBJC_IMPLEMENTATIONS = YES;
				CLANG_WARN_DIRECT_OBJC_ISA_USAGE = YES_ERROR;
				CLANG_WARN_DOCUMENTATION_COMMENTS = YES;
				CLANG_WARN_EMPTY_BODY = YES;
				CLANG_WARN_ENUM_CONVERSION = YES;
				CLANG_WARN_INFINITE_RECURSION = YES;
				CLANG_WARN_INT_CONVERSION = YES;
				CLANG_WARN_NON_LITERAL_NULL_CONVERSION = YES;
				CLANG_WARN_OBJC_IMPLICIT_RETAIN_SELF = YES;
				CLANG_WARN_OBJC_LITERAL_CONVERSION = YES;
				CLANG_WARN_OBJC_ROOT_CLASS = YES_ERROR;
				CLANG_WARN_QUOTED_INCLUDE_IN_FRAMEWORK_HEADER = YES;
				CLANG_WARN_RANGE_LOOP_ANALYSIS = YES;
				CLANG_WARN_STRICT_PROTOTYPES = YES;
				CLANG_WARN_SUSPICIOUS_MOVE = YES;
				CLANG_WARN_UNGUARDED_AVAILABILITY = YES_AGGRESSIVE;
				CLANG_WARN_UNREACHABLE_CODE = YES;
				CLANG_WARN__DUPLICATE_METHOD_MATCH = YES;
				COPY_PHASE_STRIP = NO;
				DEBUG_INFORMATION_FORMAT = dwarf;
				DEVELOPMENT_TEAM = PL5HSP454X;
				ENABLE_STRICT_OBJC_MSGSEND = YES;
				ENABLE_TESTABILITY = YES;
				ENABLE_USER_SCRIPT_SANDBOXING = YES;
				GCC_C_LANGUAGE_STANDARD = gnu17;
				GCC_DYNAMIC_NO_PIC = NO;
				GCC_NO_COMMON_BLOCKS = YES;
				GCC_OPTIMIZATION_LEVEL = 0;
				GCC_PREPROCESSOR_DEFINITIONS = (
					"DEBUG=1",
					"$(inherited)",
				);
				GCC_WARN_64_TO_32_BIT_CONVERSION = YES;
				GCC_WARN_ABOUT_RETURN_TYPE = YES_ERROR;
				GCC_WARN_UNDECLARED_SELECTOR = YES;
				GCC_WARN_UNINITIALIZED_AUTOS = YES_AGGRESSIVE;
				GCC_WARN_UNUSED_FUNCTION = YES;
				GCC_WARN_UNUSED_VARIABLE = YES;
				IPHONEOS_DEPLOYMENT_TARGET = 18.4;
				LOCALIZATION_PREFERS_STRING_CATALOGS = YES;
				MTL_ENABLE_DEBUG_INFO = INCLUDE_SOURCE;
				MTL_FAST_MATH = YES;
				ONLY_ACTIVE_ARCH = YES;
				SDKROOT = iphoneos;
				SWIFT_ACTIVE_COMPILATION_CONDITIONS = "DEBUG $(inherited)";
				SWIFT_OPTIMIZATION_LEVEL = "-Onone";
			};
			name = Debug;
		};
		D25A85132EA9D8AF004B6C58 /* Release */ = {
			isa = XCBuildConfiguration;
			buildSettings = {
				ALWAYS_SEARCH_USER_PATHS = NO;
				ASSETCATALOG_COMPILER_GENERATE_SWIFT_ASSET_SYMBOL_EXTENSIONS = YES;
				CLANG_ANALYZER_NONNULL = YES;
				CLANG_ANALYZER_NUMBER_OBJECT_CONVERSION = YES_AGGRESSIVE;
				CLANG_CXX_LANGUAGE_STANDARD = "gnu++20";
				CLANG_ENABLE_MODULES = YES;
				CLANG_ENABLE_OBJC_ARC = YES;
				CLANG_ENABLE_OBJC_WEAK = YES;
				CLANG_WARN_BLOCK_CAPTURE_AUTORELEASING = YES;
				CLANG_WARN_BOOL_CONVERSION = YES;
				CLANG_WARN_COMMA = YES;
				CLANG_WARN_CONSTANT_CONVERSION = YES;
				CLANG_WARN_DEPRECATED_OBJC_IMPLEMENTATIONS = YES;
				CLANG_WARN_DIRECT_OBJC_ISA_USAGE = YES_ERROR;
				CLANG_WARN_DOCUMENTATION_COMMENTS = YES;
				CLANG_WARN_EMPTY_BODY = YES;
				CLANG_WARN_ENUM_CONVERSION = YES;
				CLANG_WARN_INFINITE_RECURSION = YES;
				CLANG_WARN_INT_CONVERSION = YES;
				CLANG_WARN_NON_LITERAL_NULL_CONVERSION = YES;
				CLANG_WARN_OBJC_IMPLICIT_RETAIN_SELF = YES;
				CLANG_WARN_OBJC_LITERAL_CONVERSION = YES;
				CLANG_WARN_OBJC_ROOT_CLASS = YES_ERROR;
				CLANG_WARN_QUOTED_INCLUDE_IN_FRAMEWORK_HEADER = YES;
				CLANG_WARN_RANGE_LOOP_ANALYSIS = YES;
				CLANG_WARN_STRICT_PROTOTYPES = YES;
				CLANG_WARN_SUSPICIOUS_MOVE = YES;
				CLANG_WARN_UNGUARDED_AVAILABILITY = YES_AGGRESSIVE;
				CLANG_WARN_UNREACHABLE_CODE = YES;
				CLANG_WARN__DUPLICATE_METHOD_MATCH = YES;
				COPY_PHASE_STRIP = NO;
				DEBUG_INFORMATION_FORMAT = "dwarf-with-dsym";
				DEVELOPMENT_TEAM = PL5HSP454X;
				ENABLE_NS_ASSERTIONS = NO;
				ENABLE_STRICT_OBJC_MSGSEND = YES;
				ENABLE_USER_SCRIPT_SANDBOXING = YES;
				GCC_C_LANGUAGE_STANDARD = gnu17;
				GCC_NO_COMMON_BLOCKS = YES;
				GCC_WARN_64_TO_32_BIT_CONVERSION = YES;
				GCC_WARN_ABOUT_RETURN_TYPE = YES_ERROR;
				GCC_WARN_UNDECLARED_SELECTOR = YES;
				GCC_WARN_UNINITIALIZED_AUTOS = YES_AGGRESSIVE;
				GCC_WARN_UNUSED_FUNCTION = YES;
				GCC_WARN_UNUSED_VARIABLE = YES;
				IPHONEOS_DEPLOYMENT_TARGET = 18.4;
				LOCALIZATION_PREFERS_STRING_CATALOGS = YES;
				MTL_ENABLE_DEBUG_INFO = NO;
				MTL_FAST_MATH = YES;
				SDKROOT = iphoneos;
				SWIFT_COMPILATION_MODE = wholemodule;
				VALIDATE_PRODUCT = YES;
			};
			name = Release;
		};
/* End XCBuildConfiguration section */

/* Begin XCConfigurationList section */
		D23D64182ECC698F000143AD /* Build configuration list for PBXNativeTarget "YuanyuanWidgetExtension" */ = {
			isa = XCConfigurationList;
			buildConfigurations = (
				D23D64162ECC698F000143AD /* Debug */,
				D23D64172ECC698F000143AD /* Release */,
			);
			defaultConfigurationIsVisible = 0;
			defaultConfigurationName = Release;
		};
		D25A84FC2EA9D8AE004B6C58 /* Build configuration list for PBXProject "Yuanyuan" */ = {
			isa = XCConfigurationList;
			buildConfigurations = (
				D25A85122EA9D8AF004B6C58 /* Debug */,
				D25A85132EA9D8AF004B6C58 /* Release */,
			);
			defaultConfigurationIsVisible = 0;
			defaultConfigurationName = Release;
		};
		D25A850F2EA9D8AF004B6C58 /* Build configuration list for PBXNativeTarget "Yuanyuan" */ = {
			isa = XCConfigurationList;
			buildConfigurations = (
				D25A85102EA9D8AF004B6C58 /* Debug */,
				D25A85112EA9D8AF004B6C58 /* Release */,
			);
			defaultConfigurationIsVisible = 0;
			defaultConfigurationName = Release;
		};
/* End XCConfigurationList section */
	};
	rootObject = D25A84F92EA9D8AE004B6C58 /* Project object */;
}
